
Microsoft Visual Studio Solution File, Format Version 12.00
# Visual Studio Version 17
VisualStudioVersion = 17.8.34330.188
MinimumVisualStudioVersion = 10.0.40219.1
Project("{FAE04EC0-301F-11D3-BF4B-00C04F79EFBC}") = "AWSSecretManagerDemo", "AWSSecretManagerDemo\AWSSecretManagerDemo.csproj", "{D8CB5C89-864A-4119-BCB1-580A27A26646}"
EndProject
Global
	GlobalSection(SolutionConfigurationPlatforms) = preSolution
		Debug|Any CPU = Debug|Any CPU
		Release|Any CPU = Release|Any CPU
	EndGlobalSection
	GlobalSection(ProjectConfigurationPlatforms) = postSolution
		{D8CB5C89-864A-4119-BCB1-580A27A26646}.Debug|Any CPU.ActiveCfg = Debug|Any CPU
		{D8CB5C89-864A-4119-BCB1-580A27A26646}.Debug|Any CPU.Build.0 = Debug|Any CPU
		{D8CB5C89-864A-4119-BCB1-580A27A26646}.Release|Any CPU.ActiveCfg = Release|Any CPU
		{D8CB5C89-864A-4119-BCB1-580A27A26646}.Release|Any CPU.Build.0 = Release|Any CPU
	EndGlobalSection
	GlobalSection(SolutionProperties) = preSolution
		HideSolutionNode = FALSE
	EndGlobalSection
	GlobalSection(ExtensibilityGlobals) = postSolution
		SolutionGuid = {B1EC0080-771B-4AFC-B95A-19F0267BEC78}
	EndGlobalSection
EndGlobal
