
Microsoft Visual Studio Solution File, Format Version 12.00
# Visual Studio Version 17
VisualStudioVersion = 17.10.35122.118
MinimumVisualStudioVersion = 10.0.40219.1
Project("{9A19103F-16F7-4668-BE54-9A1E7A4F7556}") = "AWSLambdaAPIGateway", "AWSLambdaAPIGateway\AWSLambdaAPIGateway.csproj", "{7766D8CF-11E2-4490-BA0C-252D37936AD4}"
EndProject
Global
	GlobalSection(SolutionConfigurationPlatforms) = preSolution
		Debug|Any CPU = Debug|Any CPU
		Release|Any CPU = Release|Any CPU
	EndGlobalSection
	GlobalSection(ProjectConfigurationPlatforms) = postSolution
		{7766D8CF-11E2-4490-BA0C-252D37936AD4}.Debug|Any CPU.ActiveCfg = Debug|Any CPU
		{7766D8CF-11E2-4490-BA0C-252D37936AD4}.Debug|Any CPU.Build.0 = Debug|Any CPU
		{7766D8CF-11E2-4490-BA0C-252D37936AD4}.Release|Any CPU.ActiveCfg = Release|Any CPU
		{7766D8CF-11E2-4490-BA0C-252D37936AD4}.Release|Any CPU.Build.0 = Release|Any CPU
	EndGlobalSection
	GlobalSection(SolutionProperties) = preSolution
		HideSolutionNode = FALSE
	EndGlobalSection
	GlobalSection(ExtensibilityGlobals) = postSolution
		SolutionGuid = {A7075739-BF29-41E5-AD3F-F41722AAE245}
	EndGlobalSection
EndGlobal
