
Microsoft Visual Studio Solution File, Format Version 12.00
# Visual Studio Version 16
VisualStudioVersion = 16.0.33529.622
MinimumVisualStudioVersion = 10.0.40219.1
Project("{FAE04EC0-301F-11D3-BF4B-00C04F79EFBC}") = "DynamoDB_DEMO", "DynamoDB_DEMO\DynamoDB_DEMO.csproj", "{0B979AF3-ACEE-4A08-B274-E3FD91F77808}"
EndProject
Global
	GlobalSection(SolutionConfigurationPlatforms) = preSolution
		Debug|Any CPU = Debug|Any CPU
		Release|Any CPU = Release|Any CPU
	EndGlobalSection
	GlobalSection(ProjectConfigurationPlatforms) = postSolution
		{0B979AF3-ACEE-4A08-B274-E3FD91F77808}.Debug|Any CPU.ActiveCfg = Debug|Any CPU
		{0B979AF3-ACEE-4A08-B274-E3FD91F77808}.Debug|Any CPU.Build.0 = Debug|Any CPU
		{0B979AF3-ACEE-4A08-B274-E3FD91F77808}.Release|Any CPU.ActiveCfg = Release|Any CPU
		{0B979AF3-ACEE-4A08-B274-E3FD91F77808}.Release|Any CPU.Build.0 = Release|Any CPU
	EndGlobalSection
	GlobalSection(SolutionProperties) = preSolution
		HideSolutionNode = FALSE
	EndGlobalSection
	GlobalSection(ExtensibilityGlobals) = postSolution
		SolutionGuid = {E6E3CA86-F5AF-4994-9E09-550CBAB7B8A1}
	EndGlobalSection
EndGlobal
